
Microsoft Visual Studio Solution File, Format Version 12.00
# Visual Studio Version 17
VisualStudioVersion = 17.8.34330.188
MinimumVisualStudioVersion = 10.0.40219.1
Project("{9A19103F-16F7-4668-BE54-9A1E7A4F7556}") = "Entitities", "Entitities\Entitities.csproj", "{D98500F7-5095-4ECD-A39E-00F6D17AD827}"
EndProject
Project("{9A19103F-16F7-4668-BE54-9A1E7A4F7556}") = "DataAccess", "DataAccess\DataAccess.csproj", "{4FA80B44-F525-4BC9-B108-CAD0FC712783}"
EndProject
Project("{9A19103F-16F7-4668-BE54-9A1E7A4F7556}") = "CaseProject.UI", "CaseProject.UI\CaseProject.UI.csproj", "{BFBFADCF-5752-4112-AB7E-2CD0FCCD9383}"
EndProject
Global
	GlobalSection(SolutionConfigurationPlatforms) = preSolution
		Debug|Any CPU = Debug|Any CPU
		Release|Any CPU = Release|Any CPU
	EndGlobalSection
	GlobalSection(ProjectConfigurationPlatforms) = postSolution
		{D98500F7-5095-4ECD-A39E-00F6D17AD827}.Debug|Any CPU.ActiveCfg = Debug|Any CPU
		{D98500F7-5095-4ECD-A39E-00F6D17AD827}.Debug|Any CPU.Build.0 = Debug|Any CPU
		{D98500F7-5095-4ECD-A39E-00F6D17AD827}.Release|Any CPU.ActiveCfg = Release|Any CPU
		{D98500F7-5095-4ECD-A39E-00F6D17AD827}.Release|Any CPU.Build.0 = Release|Any CPU
		{4FA80B44-F525-4BC9-B108-CAD0FC712783}.Debug|Any CPU.ActiveCfg = Debug|Any CPU
		{4FA80B44-F525-4BC9-B108-CAD0FC712783}.Debug|Any CPU.Build.0 = Debug|Any CPU
		{4FA80B44-F525-4BC9-B108-CAD0FC712783}.Release|Any CPU.ActiveCfg = Release|Any CPU
		{4FA80B44-F525-4BC9-B108-CAD0FC712783}.Release|Any CPU.Build.0 = Release|Any CPU
		{BFBFADCF-5752-4112-AB7E-2CD0FCCD9383}.Debug|Any CPU.ActiveCfg = Debug|Any CPU
		{BFBFADCF-5752-4112-AB7E-2CD0FCCD9383}.Debug|Any CPU.Build.0 = Debug|Any CPU
		{BFBFADCF-5752-4112-AB7E-2CD0FCCD9383}.Release|Any CPU.ActiveCfg = Release|Any CPU
		{BFBFADCF-5752-4112-AB7E-2CD0FCCD9383}.Release|Any CPU.Build.0 = Release|Any CPU
	EndGlobalSection
	GlobalSection(SolutionProperties) = preSolution
		HideSolutionNode = FALSE
	EndGlobalSection
	GlobalSection(ExtensibilityGlobals) = postSolution
		SolutionGuid = {67EF866D-E08A-4A0E-9BC3-B557DF916CEA}
	EndGlobalSection
EndGlobal
